
Microsoft Visual Studio Solution File, Format Version 12.00
# Visual Studio Version 16
VisualStudioVersion = 16.0.30717.126
MinimumVisualStudioVersion = 10.0.40219.1
Project("{FAE04EC0-301F-11D3-BF4B-00C04F79EFBC}") = "CS_ASP_013-Abigail-O", "CS_ASP_013-Abigail-O.csproj", "{406AA0F8-8FD9-44EA-A65C-D5C868ACAE02}"
EndProject
Global
	GlobalSection(SolutionConfigurationPlatforms) = preSolution
		Debug|Any CPU = Debug|Any CPU
		Release|Any CPU = Release|Any CPU
	EndGlobalSection
	GlobalSection(ProjectConfigurationPlatforms) = postSolution
		{406AA0F8-8FD9-44EA-A65C-D5C868ACAE02}.Debug|Any CPU.ActiveCfg = Debug|Any CPU
		{406AA0F8-8FD9-44EA-A65C-D5C868ACAE02}.Debug|Any CPU.Build.0 = Debug|Any CPU
		{406AA0F8-8FD9-44EA-A65C-D5C868ACAE02}.Release|Any CPU.ActiveCfg = Release|Any CPU
		{406AA0F8-8FD9-44EA-A65C-D5C868ACAE02}.Release|Any CPU.Build.0 = Release|Any CPU
	EndGlobalSection
	GlobalSection(SolutionProperties) = preSolution
		HideSolutionNode = FALSE
	EndGlobalSection
	GlobalSection(ExtensibilityGlobals) = postSolution
		SolutionGuid = {DAD6A1D2-44E8-4C35-A469-7C850C527DA7}
	EndGlobalSection
EndGlobal
